// !$*UTF8*$!
{
	archiveVersion = 1;
	classes = {
	};
	objectVersion = 50;
	objects = {

/* Begin PBXBuildFile section */
		4286BF9D26185CC4CCFE2644 /* Pods_GithubTopRepositories.framework in Frameworks */ = {isa = PBXBuildFile; fileRef = CBC2265D480ECF42F6DD6689 /* Pods_GithubTopRepositories.framework */; };
		F46611D221BA742B006E3DA6 /* RepositoriesList.storyboard in Resources */ = {isa = PBXBuildFile; fileRef = F46611D121BA742B006E3DA6 /* RepositoriesList.storyboard */; };
		F46611D521BA78B6006E3DA6 /* GithubService.swift in Sources */ = {isa = PBXBuildFile; fileRef = F46611D421BA78B6006E3DA6 /* GithubService.swift */; };
		F46611D721BA7AEB006E3DA6 /* RepositoriesListViewModel.swift in Sources */ = {isa = PBXBuildFile; fileRef = F46611D621BA7AEB006E3DA6 /* RepositoriesListViewModel.swift */; };
		F46611D921BA7C8D006E3DA6 /* Repository.swift in Sources */ = {isa = PBXBuildFile; fileRef = F46611D821BA7C8D006E3DA6 /* Repository.swift */; };
		F4976E6021BA87D2008D8C25 /* GithubTopRepositoriesTests.swift in Sources */ = {isa = PBXBuildFile; fileRef = F4976E5F21BA87D2008D8C25 /* GithubTopRepositoriesTests.swift */; };
		F4976E6921BA8802008D8C25 /* RepositoryTests.swift in Sources */ = {isa = PBXBuildFile; fileRef = F4976E6821BA8802008D8C25 /* RepositoryTests.swift */; };
		F4CF5E0921BA6C0C00D28F5F /* AppDelegate.swift in Sources */ = {isa = PBXBuildFile; fileRef = F4CF5E0821BA6C0C00D28F5F /* AppDelegate.swift */; };
		F4CF5E1021BA6C0D00D28F5F /* Assets.xcassets in Resources */ = {isa = PBXBuildFile; fileRef = F4CF5E0F21BA6C0D00D28F5F /* Assets.xcassets */; };
		F4CF5E1321BA6C0D00D28F5F /* LaunchScreen.storyboard in Resources */ = {isa = PBXBuildFile; fileRef = F4CF5E1121BA6C0D00D28F5F /* LaunchScreen.storyboard */; };
		F4CF5E2321BA6E0400D28F5F /* RepositoriesListViewController.swift in Sources */ = {isa = PBXBuildFile; fileRef = F4CF5E2221BA6E0400D28F5F /* RepositoriesListViewController.swift */; };
/* End PBXBuildFile section */

/* Begin PBXContainerItemProxy section */
		F4976E6221BA87D2008D8C25 /* PBXContainerItemProxy */ = {
			isa = PBXContainerItemProxy;
			containerPortal = F4CF5DFD21BA6C0C00D28F5F /* Project object */;
			proxyType = 1;
			remoteGlobalIDString = F4CF5E0421BA6C0C00D28F5F;
			remoteInfo = GithubTopRepositories;
		};
/* End PBXContainerItemProxy section */

/* Begin PBXFileReference section */
		97D6AE323686134C78C5A94B /* Pods-GithubTopRepositories.release.xcconfig */ = {isa = PBXFileReference; includeInIndex = 1; lastKnownFileType = text.xcconfig; name = "Pods-GithubTopRepositories.release.xcconfig"; path = "Pods/Target Support Files/Pods-GithubTopRepositories/Pods-GithubTopRepositories.release.xcconfig"; sourceTree = "<group>"; };
		CBC2265D480ECF42F6DD6689 /* Pods_GithubTopRepositories.framework */ = {isa = PBXFileReference; explicitFileType = wrapper.framework; includeInIndex = 0; path = Pods_GithubTopRepositories.framework; sourceTree = BUILT_PRODUCTS_DIR; };
		F0521BD5258CDE0B26B08A22 /* Pods-GithubTopRepositories.debug.xcconfig */ = {isa = PBXFileReference; includeInIndex = 1; lastKnownFileType = text.xcconfig; name = "Pods-GithubTopRepositories.debug.xcconfig"; path = "Pods/Target Support Files/Pods-GithubTopRepositories/Pods-GithubTopRepositories.debug.xcconfig"; sourceTree = "<group>"; };
		F46611D121BA742B006E3DA6 /* RepositoriesList.storyboard */ = {isa = PBXFileReference; lastKnownFileType = file.storyboard; path = RepositoriesList.storyboard; sourceTree = "<group>"; };
		F46611D421BA78B6006E3DA6 /* GithubService.swift */ = {isa = PBXFileReference; lastKnownFileType = sourcecode.swift; path = GithubService.swift; sourceTree = "<group>"; };
		F46611D621BA7AEB006E3DA6 /* RepositoriesListViewModel.swift */ = {isa = PBXFileReference; lastKnownFileType = sourcecode.swift; path = RepositoriesListViewModel.swift; sourceTree = "<group>"; };
		F46611D821BA7C8D006E3DA6 /* Repository.swift */ = {isa = PBXFileReference; lastKnownFileType = sourcecode.swift; path = Repository.swift; sourceTree = "<group>"; };
		F4976E5D21BA87D2008D8C25 /* GithubTopRepositoriesTests.xctest */ = {isa = PBXFileReference; explicitFileType = wrapper.cfbundle; includeInIndex = 0; path = GithubTopRepositoriesTests.xctest; sourceTree = BUILT_PRODUCTS_DIR; };
		F4976E5F21BA87D2008D8C25 /* GithubTopRepositoriesTests.swift */ = {isa = PBXFileReference; lastKnownFileType = sourcecode.swift; path = GithubTopRepositoriesTests.swift; sourceTree = "<group>"; };
		F4976E6121BA87D2008D8C25 /* Info.plist */ = {isa = PBXFileReference; lastKnownFileType = text.plist.xml; path = Info.plist; sourceTree = "<group>"; };
		F4976E6821BA8802008D8C25 /* RepositoryTests.swift */ = {isa = PBXFileReference; lastKnownFileType = sourcecode.swift; path = RepositoryTests.swift; sourceTree = "<group>"; };
		F4CF5E0521BA6C0C00D28F5F /* GithubTopRepositories.app */ = {isa = PBXFileReference; explicitFileType = wrapper.application; includeInIndex = 0; path = GithubTopRepositories.app; sourceTree = BUILT_PRODUCTS_DIR; };
		F4CF5E0821BA6C0C00D28F5F /* AppDelegate.swift */ = {isa = PBXFileReference; lastKnownFileType = sourcecode.swift; path = AppDelegate.swift; sourceTree = "<group>"; };
		F4CF5E0F21BA6C0D00D28F5F /* Assets.xcassets */ = {isa = PBXFileReference; lastKnownFileType = folder.assetcatalog; path = Assets.xcassets; sourceTree = "<group>"; };
		F4CF5E1221BA6C0D00D28F5F /* Base */ = {isa = PBXFileReference; lastKnownFileType = file.storyboard; name = Base; path = Base.lproj/LaunchScreen.storyboard; sourceTree = "<group>"; };
		F4CF5E1421BA6C0D00D28F5F /* Info.plist */ = {isa = PBXFileReference; lastKnownFileType = text.plist.xml; path = Info.plist; sourceTree = "<group>"; };
		F4CF5E2221BA6E0400D28F5F /* RepositoriesListViewController.swift */ = {isa = PBXFileReference; lastKnownFileType = sourcecode.swift; path = RepositoriesListViewController.swift; sourceTree = "<group>"; };
/* End PBXFileReference section */

/* Begin PBXFrameworksBuildPhase section */
		F4976E5A21BA87D2008D8C25 /* Frameworks */ = {
			isa = PBXFrameworksBuildPhase;
			buildActionMask = 2147483647;
			files = (
			);
			runOnlyForDeploymentPostprocessing = 0;
		};
		F4CF5E0221BA6C0C00D28F5F /* Frameworks */ = {
			isa = PBXFrameworksBuildPhase;
			buildActionMask = 2147483647;
			files = (
				4286BF9D26185CC4CCFE2644 /* Pods_GithubTopRepositories.framework in Frameworks */,
			);
			runOnlyForDeploymentPostprocessing = 0;
		};
/* End PBXFrameworksBuildPhase section */

/* Begin PBXGroup section */
		0854E7ED57C7EF12F1F17FD8 /* Pods */ = {
			isa = PBXGroup;
			children = (
				F0521BD5258CDE0B26B08A22 /* Pods-GithubTopRepositories.debug.xcconfig */,
				97D6AE323686134C78C5A94B /* Pods-GithubTopRepositories.release.xcconfig */,
			);
			name = Pods;
			sourceTree = "<group>";
		};
		13F1F0508CAFCFB37D86617D /* Frameworks */ = {
			isa = PBXGroup;
			children = (
				CBC2265D480ECF42F6DD6689 /* Pods_GithubTopRepositories.framework */,
			);
			name = Frameworks;
			sourceTree = "<group>";
		};
		F46611D321BA78A3006E3DA6 /* API */ = {
			isa = PBXGroup;
			children = (
				F46611D421BA78B6006E3DA6 /* GithubService.swift */,
			);
			path = API;
			sourceTree = "<group>";
		};
		F4976E5E21BA87D2008D8C25 /* GithubTopRepositoriesTests */ = {
			isa = PBXGroup;
			children = (
				F4976E6721BA87E2008D8C25 /* Models */,
				F4976E5F21BA87D2008D8C25 /* GithubTopRepositoriesTests.swift */,
				F4976E6121BA87D2008D8C25 /* Info.plist */,
			);
			path = GithubTopRepositoriesTests;
			sourceTree = "<group>";
		};
		F4976E6721BA87E2008D8C25 /* Models */ = {
			isa = PBXGroup;
			children = (
				F4976E6821BA8802008D8C25 /* RepositoryTests.swift */,
			);
			path = Models;
			sourceTree = "<group>";
		};
		F4CF5DFC21BA6C0C00D28F5F = {
			isa = PBXGroup;
			children = (
				F4CF5E0721BA6C0C00D28F5F /* GithubTopRepositories */,
				F4976E5E21BA87D2008D8C25 /* GithubTopRepositoriesTests */,
				F4CF5E0621BA6C0C00D28F5F /* Products */,
				0854E7ED57C7EF12F1F17FD8 /* Pods */,
				13F1F0508CAFCFB37D86617D /* Frameworks */,
			);
			sourceTree = "<group>";
		};
		F4CF5E0621BA6C0C00D28F5F /* Products */ = {
			isa = PBXGroup;
			children = (
				F4CF5E0521BA6C0C00D28F5F /* GithubTopRepositories.app */,
				F4976E5D21BA87D2008D8C25 /* GithubTopRepositoriesTests.xctest */,
			);
			name = Products;
			sourceTree = "<group>";
		};
		F4CF5E0721BA6C0C00D28F5F /* GithubTopRepositories */ = {
			isa = PBXGroup;
			children = (
				F4CF5E1C21BA6D5C00D28F5F /* App */,
				F4CF5E0F21BA6C0D00D28F5F /* Assets.xcassets */,
				F4CF5E1121BA6C0D00D28F5F /* LaunchScreen.storyboard */,
				F4CF5E1421BA6C0D00D28F5F /* Info.plist */,
			);
			path = GithubTopRepositories;
			sourceTree = "<group>";
		};
		F4CF5E1C21BA6D5C00D28F5F /* App */ = {
			isa = PBXGroup;
			children = (
				F46611D321BA78A3006E3DA6 /* API */,
				F4CF5E2121BA6DA800D28F5F /* Models */,
				F4CF5E1D21BA6D6900D28F5F /* RepositoriesList */,
				F4CF5E0821BA6C0C00D28F5F /* AppDelegate.swift */,
			);
			path = App;
			sourceTree = "<group>";
		};
		F4CF5E1D21BA6D6900D28F5F /* RepositoriesList */ = {
			isa = PBXGroup;
			children = (
				F4CF5E2021BA6DA100D28F5F /* Controllers */,
				F4CF5E1F21BA6D9600D28F5F /* ViewModels */,
				F4CF5E1E21BA6D8E00D28F5F /* Views */,
			);
			path = RepositoriesList;
			sourceTree = "<group>";
		};
		F4CF5E1E21BA6D8E00D28F5F /* Views */ = {
			isa = PBXGroup;
			children = (
				F46611D121BA742B006E3DA6 /* RepositoriesList.storyboard */,
			);
			path = Views;
			sourceTree = "<group>";
		};
		F4CF5E1F21BA6D9600D28F5F /* ViewModels */ = {
			isa = PBXGroup;
			children = (
				F46611D621BA7AEB006E3DA6 /* RepositoriesListViewModel.swift */,
			);
			path = ViewModels;
			sourceTree = "<group>";
		};
		F4CF5E2021BA6DA100D28F5F /* Controllers */ = {
			isa = PBXGroup;
			children = (
				F4CF5E2221BA6E0400D28F5F /* RepositoriesListViewController.swift */,
			);
			path = Controllers;
			sourceTree = "<group>";
		};
		F4CF5E2121BA6DA800D28F5F /* Models */ = {
			isa = PBXGroup;
			children = (
				F46611D821BA7C8D006E3DA6 /* Repository.swift */,
			);
			path = Models;
			sourceTree = "<group>";
		};
/* End PBXGroup section */

/* Begin PBXNativeTarget section */
		F4976E5C21BA87D2008D8C25 /* GithubTopRepositoriesTests */ = {
			isa = PBXNativeTarget;
			buildConfigurationList = F4976E6421BA87D2008D8C25 /* Build configuration list for PBXNativeTarget "GithubTopRepositoriesTests" */;
			buildPhases = (
				F4976E5921BA87D2008D8C25 /* Sources */,
				F4976E5A21BA87D2008D8C25 /* Frameworks */,
				F4976E5B21BA87D2008D8C25 /* Resources */,
			);
			buildRules = (
			);
			dependencies = (
				F4976E6321BA87D2008D8C25 /* PBXTargetDependency */,
			);
			name = GithubTopRepositoriesTests;
			productName = GithubTopRepositoriesTests;
			productReference = F4976E5D21BA87D2008D8C25 /* GithubTopRepositoriesTests.xctest */;
			productType = "com.apple.product-type.bundle.unit-test";
		};
		F4CF5E0421BA6C0C00D28F5F /* GithubTopRepositories */ = {
			isa = PBXNativeTarget;
			buildConfigurationList = F4CF5E1721BA6C0D00D28F5F /* Build configuration list for PBXNativeTarget "GithubTopRepositories" */;
			buildPhases = (
				F07902597F5CD9ABDA2E1503 /* [CP] Check Pods Manifest.lock */,
				F4CF5E0121BA6C0C00D28F5F /* Sources */,
				F4CF5E0221BA6C0C00D28F5F /* Frameworks */,
				F4CF5E0321BA6C0C00D28F5F /* Resources */,
				627AC2E07FB740C75504850F /* [CP] Embed Pods Frameworks */,
			);
			buildRules = (
			);
			dependencies = (
			);
			name = GithubTopRepositories;
			productName = GithubTopRepositories;
			productReference = F4CF5E0521BA6C0C00D28F5F /* GithubTopRepositories.app */;
			productType = "com.apple.product-type.application";
		};
/* End PBXNativeTarget section */

/* Begin PBXProject section */
		F4CF5DFD21BA6C0C00D28F5F /* Project object */ = {
			isa = PBXProject;
			attributes = {
				LastSwiftUpdateCheck = 1010;
				LastUpgradeCheck = 1010;
				ORGANIZATIONNAME = Dev;
				TargetAttributes = {
					F4976E5C21BA87D2008D8C25 = {
						CreatedOnToolsVersion = 10.1;
						TestTargetID = F4CF5E0421BA6C0C00D28F5F;
					};
					F4CF5E0421BA6C0C00D28F5F = {
						CreatedOnToolsVersion = 10.1;
					};
				};
			};
			buildConfigurationList = F4CF5E0021BA6C0C00D28F5F /* Build configuration list for PBXProject "GithubTopRepositories" */;
			compatibilityVersion = "Xcode 9.3";
			developmentRegion = en;
			hasScannedForEncodings = 0;
			knownRegions = (
				en,
				Base,
			);
			mainGroup = F4CF5DFC21BA6C0C00D28F5F;
			productRefGroup = F4CF5E0621BA6C0C00D28F5F /* Products */;
			projectDirPath = "";
			projectRoot = "";
			targets = (
				F4CF5E0421BA6C0C00D28F5F /* GithubTopRepositories */,
				F4976E5C21BA87D2008D8C25 /* GithubTopRepositoriesTests */,
			);
		};
/* End PBXProject section */

/* Begin PBXResourcesBuildPhase section */
		F4976E5B21BA87D2008D8C25 /* Resources */ = {
			isa = PBXResourcesBuildPhase;
			buildActionMask = 2147483647;
			files = (
			);
			runOnlyForDeploymentPostprocessing = 0;
		};
		F4CF5E0321BA6C0C00D28F5F /* Resources */ = {
			isa = PBXResourcesBuildPhase;
			buildActionMask = 2147483647;
			files = (
				F46611D221BA742B006E3DA6 /* RepositoriesList.storyboard in Resources */,
				F4CF5E1321BA6C0D00D28F5F /* LaunchScreen.storyboard in Resources */,
				F4CF5E1021BA6C0D00D28F5F /* Assets.xcassets in Resources */,
			);
			runOnlyForDeploymentPostprocessing = 0;
		};
/* End PBXResourcesBuildPhase section */

/* Begin PBXShellScriptBuildPhase section */
		627AC2E07FB740C75504850F /* [CP] Embed Pods Frameworks */ = {
			isa = PBXShellScriptBuildPhase;
			buildActionMask = 2147483647;
			files = (
			);
			inputPaths = (
				"${SRCROOT}/Pods/Target Support Files/Pods-GithubTopRepositories/Pods-GithubTopRepositories-frameworks.sh",
				"${BUILT_PRODUCTS_DIR}/Alamofire/Alamofire.framework",
				"${BUILT_PRODUCTS_DIR}/Moya/Moya.framework",
				"${BUILT_PRODUCTS_DIR}/Result/Result.framework",
				"${BUILT_PRODUCTS_DIR}/RxCocoa/RxCocoa.framework",
				"${BUILT_PRODUCTS_DIR}/RxSwift/RxSwift.framework",
			);
			name = "[CP] Embed Pods Frameworks";
			outputPaths = (
				"${TARGET_BUILD_DIR}/${FRAMEWORKS_FOLDER_PATH}/Alamofire.framework",
				"${TARGET_BUILD_DIR}/${FRAMEWORKS_FOLDER_PATH}/Moya.framework",
				"${TARGET_BUILD_DIR}/${FRAMEWORKS_FOLDER_PATH}/Result.framework",
				"${TARGET_BUILD_DIR}/${FRAMEWORKS_FOLDER_PATH}/RxCocoa.framework",
				"${TARGET_BUILD_DIR}/${FRAMEWORKS_FOLDER_PATH}/RxSwift.framework",
			);
			runOnlyForDeploymentPostprocessing = 0;
			shellPath = /bin/sh;
			shellScript = "\"${SRCROOT}/Pods/Target Support Files/Pods-GithubTopRepositories/Pods-GithubTopRepositories-frameworks.sh\"\n";
			showEnvVarsInLog = 0;
		};
		F07902597F5CD9ABDA2E1503 /* [CP] Check Pods Manifest.lock */ = {
			isa = PBXShellScriptBuildPhase;
			buildActionMask = 2147483647;
			files = (
			);
			inputPaths = (
				"${PODS_PODFILE_DIR_PATH}/Podfile.lock",
				"${PODS_ROOT}/Manifest.lock",
			);
			name = "[CP] Check Pods Manifest.lock";
			outputPaths = (
				"$(DERIVED_FILE_DIR)/Pods-GithubTopRepositories-checkManifestLockResult.txt",
			);
			runOnlyForDeploymentPostprocessing = 0;
			shellPath = /bin/sh;
			shellScript = "diff \"${PODS_PODFILE_DIR_PATH}/Podfile.lock\" \"${PODS_ROOT}/Manifest.lock\" > /dev/null\nif [ $? != 0 ] ; then\n    # print error to STDERR\n    echo \"error: The sandbox is not in sync with the Podfile.lock. Run 'pod install' or update your CocoaPods installation.\" >&2\n    exit 1\nfi\n# This output is used by Xcode 'outputs' to avoid re-running this script phase.\necho \"SUCCESS\" > \"${SCRIPT_OUTPUT_FILE_0}\"\n";
			showEnvVarsInLog = 0;
		};
/* End PBXShellScriptBuildPhase section */

/* Begin PBXSourcesBuildPhase section */
		F4976E5921BA87D2008D8C25 /* Sources */ = {
			isa = PBXSourcesBuildPhase;
			buildActionMask = 2147483647;
			files = (
				F4976E6021BA87D2008D8C25 /* GithubTopRepositoriesTests.swift in Sources */,
				F4976E6921BA8802008D8C25 /* RepositoryTests.swift in Sources */,
			);
			runOnlyForDeploymentPostprocessing = 0;
		};
		F4CF5E0121BA6C0C00D28F5F /* Sources */ = {
			isa = PBXSourcesBuildPhase;
			buildActionMask = 2147483647;
			files = (
				F4CF5E2321BA6E0400D28F5F /* RepositoriesListViewController.swift in Sources */,
				F46611D721BA7AEB006E3DA6 /* RepositoriesListViewModel.swift in Sources */,
				F46611D521BA78B6006E3DA6 /* GithubService.swift in Sources */,
				F4CF5E0921BA6C0C00D28F5F /* AppDelegate.swift in Sources */,
				F46611D921BA7C8D006E3DA6 /* Repository.swift in Sources */,
			);
			runOnlyForDeploymentPostprocessing = 0;
		};
/* End PBXSourcesBuildPhase section */

/* Begin PBXTargetDependency section */
		F4976E6321BA87D2008D8C25 /* PBXTargetDependency */ = {
			isa = PBXTargetDependency;
			target = F4CF5E0421BA6C0C00D28F5F /* GithubTopRepositories */;
			targetProxy = F4976E6221BA87D2008D8C25 /* PBXContainerItemProxy */;
		};
/* End PBXTargetDependency section */

/* Begin PBXVariantGroup section */
		F4CF5E1121BA6C0D00D28F5F /* LaunchScreen.storyboard */ = {
			isa = PBXVariantGroup;
			children = (
				F4CF5E1221BA6C0D00D28F5F /* Base */,
			);
			name = LaunchScreen.storyboard;
			sourceTree = "<group>";
		};
/* End PBXVariantGroup section */

/* Begin XCBuildConfiguration section */
		F4976E6521BA87D2008D8C25 /* Debug */ = {
			isa = XCBuildConfiguration;
			buildSettings = {
				BUNDLE_LOADER = "$(TEST_HOST)";
				CODE_SIGN_STYLE = Automatic;
				DEVELOPMENT_TEAM = K87XPR878Y;
				INFOPLIST_FILE = GithubTopRepositoriesTests/Info.plist;
				LD_RUNPATH_SEARCH_PATHS = (
					"$(inherited)",
					"@executable_path/Frameworks",
					"@loader_path/Frameworks",
				);
				PRODUCT_BUNDLE_IDENTIFIER = com.KMApp.GithubTopRepositoriesTests;
				PRODUCT_NAME = "$(TARGET_NAME)";
				SWIFT_VERSION = 4.2;
				TARGETED_DEVICE_FAMILY = "1,2";
				TEST_HOST = "$(BUILT_PRODUCTS_DIR)/GithubTopRepositories.app/GithubTopRepositories";
			};
			name = Debug;
		};
		F4976E6621BA87D2008D8C25 /* Release */ = {
			isa = XCBuildConfiguration;
			buildSettings = {
				BUNDLE_LOADER = "$(TEST_HOST)";
				CODE_SIGN_STYLE = Automatic;
				DEVELOPMENT_TEAM = K87XPR878Y;
				INFOPLIST_FILE = GithubTopRepositoriesTests/Info.plist;
				LD_RUNPATH_SEARCH_PATHS = (
					"$(inherited)",
					"@executable_path/Frameworks",
					"@loader_path/Frameworks",
				);
				PRODUCT_BUNDLE_IDENTIFIER = com.KMApp.GithubTopRepositoriesTests;
				PRODUCT_NAME = "$(TARGET_NAME)";
				SWIFT_VERSION = 4.2;
				TARGETED_DEVICE_FAMILY = "1,2";
				TEST_HOST = "$(BUILT_PRODUCTS_DIR)/GithubTopRepositories.app/GithubTopRepositories";
			};
			name = Release;
		};
		F4CF5E1521BA6C0D00D28F5F /* Debug */ = {
			isa = XCBuildConfiguration;
			buildSettings = {
				ALWAYS_SEARCH_USER_PATHS = NO;
				CLANG_ANALYZER_NONNULL = YES;
				CLANG_ANALYZER_NUMBER_OBJECT_CONVERSION = YES_AGGRESSIVE;
				CLANG_CXX_LANGUAGE_STANDARD = "gnu++14";
				CLANG_CXX_LIBRARY = "libc++";
				CLANG_ENABLE_MODULES = YES;
				CLANG_ENABLE_OBJC_ARC = YES;
				CLANG_ENABLE_OBJC_WEAK = YES;
				CLANG_WARN_BLOCK_CAPTURE_AUTORELEASING = YES;
				CLANG_WARN_BOOL_CONVERSION = YES;
				CLANG_WARN_COMMA = YES;
				CLANG_WARN_CONSTANT_CONVERSION = YES;
				CLANG_WARN_DEPRECATED_OBJC_IMPLEMENTATIONS = YES;
				CLANG_WARN_DIRECT_OBJC_ISA_USAGE = YES_ERROR;
				CLANG_WARN_DOCUMENTATION_COMMENTS = YES;
				CLANG_WARN_EMPTY_BODY = YES;
				CLANG_WARN_ENUM_CONVERSION = YES;
				CLANG_WARN_INFINITE_RECURSION = YES;
				CLANG_WARN_INT_CONVERSION = YES;
				CLANG_WARN_NON_LITERAL_NULL_CONVERSION = YES;
				CLANG_WARN_OBJC_IMPLICIT_RETAIN_SELF = YES;
				CLANG_WARN_OBJC_LITERAL_CONVERSION = YES;
				CLANG_WARN_OBJC_ROOT_CLASS = YES_ERROR;
				CLANG_WARN_RANGE_LOOP_ANALYSIS = YES;
				CLANG_WARN_STRICT_PROTOTYPES = YES;
				CLANG_WARN_SUSPICIOUS_MOVE = YES;
				CLANG_WARN_UNGUARDED_AVAILABILITY = YES_AGGRESSIVE;
				CLANG_WARN_UNREACHABLE_CODE = YES;
				CLANG_WARN__DUPLICATE_METHOD_MATCH = YES;
				CODE_SIGN_IDENTITY = "iPhone Developer";
				COPY_PHASE_STRIP = NO;
				DEBUG_INFORMATION_FORMAT = dwarf;
				ENABLE_STRICT_OBJC_MSGSEND = YES;
				ENABLE_TESTABILITY = YES;
				GCC_C_LANGUAGE_STANDARD = gnu11;
				GCC_DYNAMIC_NO_PIC = NO;
				GCC_NO_COMMON_BLOCKS = YES;
				GCC_OPTIMIZATION_LEVEL = 0;
				GCC_PREPROCESSOR_DEFINITIONS = (
					"DEBUG=1",
					"$(inherited)",
				);
				GCC_WARN_64_TO_32_BIT_CONVERSION = YES;
				GCC_WARN_ABOUT_RETURN_TYPE = YES_ERROR;
				GCC_WARN_UNDECLARED_SELECTOR = YES;
				GCC_WARN_UNINITIALIZED_AUTOS = YES_AGGRESSIVE;
				GCC_WARN_UNUSED_FUNCTION = YES;
				GCC_WARN_UNUSED_VARIABLE = YES;
				IPHONEOS_DEPLOYMENT_TARGET = 12.1;
				MTL_ENABLE_DEBUG_INFO = INCLUDE_SOURCE;
				MTL_FAST_MATH = YES;
				ONLY_ACTIVE_ARCH = YES;
				SDKROOT = iphoneos;
				SWIFT_ACTIVE_COMPILATION_CONDITIONS = DEBUG;
				SWIFT_OPTIMIZATION_LEVEL = "-Onone";
			};
			name = Debug;
		};
		F4CF5E1621BA6C0D00D28F5F /* Release */ = {
			isa = XCBuildConfiguration;
			buildSettings = {
				ALWAYS_SEARCH_USER_PATHS = NO;
				CLANG_ANALYZER_NONNULL = YES;
				CLANG_ANALYZER_NUMBER_OBJECT_CONVERSION = YES_AGGRESSIVE;
				CLANG_CXX_LANGUAGE_STANDARD = "gnu++14";
				CLANG_CXX_LIBRARY = "libc++";
				CLANG_ENABLE_MODULES = YES;
				CLANG_ENABLE_OBJC_ARC = YES;
				CLANG_ENABLE_OBJC_WEAK = YES;
				CLANG_WARN_BLOCK_CAPTURE_AUTORELEASING = YES;
				CLANG_WARN_BOOL_CONVERSION = YES;
				CLANG_WARN_COMMA = YES;
				CLANG_WARN_CONSTANT_CONVERSION = YES;
				CLANG_WARN_DEPRECATED_OBJC_IMPLEMENTATIONS = YES;
				CLANG_WARN_DIRECT_OBJC_ISA_USAGE = YES_ERROR;
				CLANG_WARN_DOCUMENTATION_COMMENTS = YES;
				CLANG_WARN_EMPTY_BODY = YES;
				CLANG_WARN_ENUM_CONVERSION = YES;
				CLANG_WARN_INFINITE_RECURSION = YES;
				CLANG_WARN_INT_CONVERSION = YES;
				CLANG_WARN_NON_LITERAL_NULL_CONVERSION = YES;
				CLANG_WARN_OBJC_IMPLICIT_RETAIN_SELF = YES;
				CLANG_WARN_OBJC_LITERAL_CONVERSION = YES;
				CLANG_WARN_OBJC_ROOT_CLASS = YES_ERROR;
				CLANG_WARN_RANGE_LOOP_ANALYSIS = YES;
				CLANG_WARN_STRICT_PROTOTYPES = YES;
				CLANG_WARN_SUSPICIOUS_MOVE = YES;
				CLANG_WARN_UNGUARDED_AVAILABILITY = YES_AGGRESSIVE;
				CLANG_WARN_UNREACHABLE_CODE = YES;
				CLANG_WARN__DUPLICATE_METHOD_MATCH = YES;
				CODE_SIGN_IDENTITY = "iPhone Developer";
				COPY_PHASE_STRIP = NO;
				DEBUG_INFORMATION_FORMAT = "dwarf-with-dsym";
				ENABLE_NS_ASSERTIONS = NO;
				ENABLE_STRICT_OBJC_MSGSEND = YES;
				GCC_C_LANGUAGE_STANDARD = gnu11;
				GCC_NO_COMMON_BLOCKS = YES;
				GCC_WARN_64_TO_32_BIT_CONVERSION = YES;
				GCC_WARN_ABOUT_RETURN_TYPE = YES_ERROR;
				GCC_WARN_UNDECLARED_SELECTOR = YES;
				GCC_WARN_UNINITIALIZED_AUTOS = YES_AGGRESSIVE;
				GCC_WARN_UNUSED_FUNCTION = YES;
				GCC_WARN_UNUSED_VARIABLE = YES;
				IPHONEOS_DEPLOYMENT_TARGET = 12.1;
				MTL_ENABLE_DEBUG_INFO = NO;
				MTL_FAST_MATH = YES;
				SDKROOT = iphoneos;
				SWIFT_COMPILATION_MODE = wholemodule;
				SWIFT_OPTIMIZATION_LEVEL = "-O";
				VALIDATE_PRODUCT = YES;
			};
			name = Release;
		};
		F4CF5E1821BA6C0D00D28F5F /* Debug */ = {
			isa = XCBuildConfiguration;
			baseConfigurationReference = F0521BD5258CDE0B26B08A22 /* Pods-GithubTopRepositories.debug.xcconfig */;
			buildSettings = {
				ASSETCATALOG_COMPILER_APPICON_NAME = AppIcon;
				CODE_SIGN_STYLE = Automatic;
				DEVELOPMENT_TEAM = K87XPR878Y;
				INFOPLIST_FILE = GithubTopRepositories/Info.plist;
				IPHONEOS_DEPLOYMENT_TARGET = 12.1;
				LD_RUNPATH_SEARCH_PATHS = (
					"$(inherited)",
					"@executable_path/Frameworks",
				);
				PRODUCT_BUNDLE_IDENTIFIER = com.KMApp.GithubTopRepositories;
				PRODUCT_NAME = "$(TARGET_NAME)";
				SWIFT_VERSION = 4.2;
				TARGETED_DEVICE_FAMILY = "1,2";
			};
			name = Debug;
		};
		F4CF5E1921BA6C0D00D28F5F /* Release */ = {
			isa = XCBuildConfiguration;
			baseConfigurationReference = 97D6AE323686134C78C5A94B /* Pods-GithubTopRepositories.release.xcconfig */;
			buildSettings = {
				ASSETCATALOG_COMPILER_APPICON_NAME = AppIcon;
				CODE_SIGN_STYLE = Automatic;
				DEVELOPMENT_TEAM = K87XPR878Y;
				INFOPLIST_FILE = GithubTopRepositories/Info.plist;
				IPHONEOS_DEPLOYMENT_TARGET = 12.1;
				LD_RUNPATH_SEARCH_PATHS = (
					"$(inherited)",
					"@executable_path/Frameworks",
				);
				PRODUCT_BUNDLE_IDENTIFIER = com.KMApp.GithubTopRepositories;
				PRODUCT_NAME = "$(TARGET_NAME)";
				SWIFT_VERSION = 4.2;
				TARGETED_DEVICE_FAMILY = "1,2";
			};
			name = Release;
		};
/* End XCBuildConfiguration section */

/* Begin XCConfigurationList section */
		F4976E6421BA87D2008D8C25 /* Build configuration list for PBXNativeTarget "GithubTopRepositoriesTests" */ = {
			isa = XCConfigurationList;
			buildConfigurations = (
				F4976E6521BA87D2008D8C25 /* Debug */,
				F4976E6621BA87D2008D8C25 /* Release */,
			);
			defaultConfigurationIsVisible = 0;
			defaultConfigurationName = Release;
		};
		F4CF5E0021BA6C0C00D28F5F /* Build configuration list for PBXProject "GithubTopRepositories" */ = {
			isa = XCConfigurationList;
			buildConfigurations = (
				F4CF5E1521BA6C0D00D28F5F /* Debug */,
				F4CF5E1621BA6C0D00D28F5F /* Release */,
			);
			defaultConfigurationIsVisible = 0;
			defaultConfigurationName = Release;
		};
		F4CF5E1721BA6C0D00D28F5F /* Build configuration list for PBXNativeTarget "GithubTopRepositories" */ = {
			isa = XCConfigurationList;
			buildConfigurations = (
				F4CF5E1821BA6C0D00D28F5F /* Debug */,
				F4CF5E1921BA6C0D00D28F5F /* Release */,
			);
			defaultConfigurationIsVisible = 0;
			defaultConfigurationName = Release;
		};
/* End XCConfigurationList section */
	};
	rootObject = F4CF5DFD21BA6C0C00D28F5F /* Project object */;
}
